
Microsoft Visual Studio Solution File, Format Version 12.00
# Visual Studio Version 17
VisualStudioVersion = 17.6.33829.357
MinimumVisualStudioVersion = 10.0.40219.1
Project("{FAE04EC0-301F-11D3-BF4B-00C04F79EFBC}") = "ChuongTrinh", "ChuongTrinh\ChuongTrinh.csproj", "{40C81368-4C27-4836-965A-827C67A2D4CE}"
EndProject
Global
	GlobalSection(SolutionConfigurationPlatforms) = preSolution
		Debug|Any CPU = Debug|Any CPU
		Release|Any CPU = Release|Any CPU
	EndGlobalSection
	GlobalSection(ProjectConfigurationPlatforms) = postSolution
		{40C81368-4C27-4836-965A-827C67A2D4CE}.Debug|Any CPU.ActiveCfg = Debug|Any CPU
		{40C81368-4C27-4836-965A-827C67A2D4CE}.Debug|Any CPU.Build.0 = Debug|Any CPU
		{40C81368-4C27-4836-965A-827C67A2D4CE}.Release|Any CPU.ActiveCfg = Release|Any CPU
		{40C81368-4C27-4836-965A-827C67A2D4CE}.Release|Any CPU.Build.0 = Release|Any CPU
	EndGlobalSection
	GlobalSection(SolutionProperties) = preSolution
		HideSolutionNode = FALSE
	EndGlobalSection
	GlobalSection(ExtensibilityGlobals) = postSolution
		SolutionGuid = {A12AE9A8-9525-4F62-A892-D1880F1E15D7}
	EndGlobalSection
EndGlobal
