
Microsoft Visual Studio Solution File, Format Version 12.00
# Visual Studio Version 17
VisualStudioVersion = 17.6.33829.357
MinimumVisualStudioVersion = 10.0.40219.1
Project("{FAE04EC0-301F-11D3-BF4B-00C04F79EFBC}") = "PreIT11.6", "PreIT11.6\PreIT11.6.csproj", "{EC97BB9C-5290-4A05-B314-AE5B1B99D9BB}"
EndProject
Global
	GlobalSection(SolutionConfigurationPlatforms) = preSolution
		Debug|Any CPU = Debug|Any CPU
		Release|Any CPU = Release|Any CPU
	EndGlobalSection
	GlobalSection(ProjectConfigurationPlatforms) = postSolution
		{EC97BB9C-5290-4A05-B314-AE5B1B99D9BB}.Debug|Any CPU.ActiveCfg = Debug|Any CPU
		{EC97BB9C-5290-4A05-B314-AE5B1B99D9BB}.Debug|Any CPU.Build.0 = Debug|Any CPU
		{EC97BB9C-5290-4A05-B314-AE5B1B99D9BB}.Release|Any CPU.ActiveCfg = Release|Any CPU
		{EC97BB9C-5290-4A05-B314-AE5B1B99D9BB}.Release|Any CPU.Build.0 = Release|Any CPU
	EndGlobalSection
	GlobalSection(SolutionProperties) = preSolution
		HideSolutionNode = FALSE
	EndGlobalSection
	GlobalSection(ExtensibilityGlobals) = postSolution
		SolutionGuid = {DB6C3378-1374-4747-9DE1-B62D9374A859}
	EndGlobalSection
EndGlobal
